{
  "name": "@tdogan/pretty-log",
  "version": "2.0.0",
  "lockfileVersion": 3,
  "requires": true,
  "packages": {
    "": {
      "name": "@tdogan/pretty-log",
      "version": "2.0.0",
      "license": "MIT",
      "dependencies": {
        "@tdogan/pretty-log": "^2.0.0"
      }
    },
    "node_modules/@tdogan/pretty-log": {
      "version": "2.0.0",
      "resolved": "https://registry.npmjs.org/@tdogan/pretty-log/-/pretty-log-2.0.0.tgz",
      "integrity": "sha512-BpX7WAZm+Uz3SI4ikbyvk5my0TgigD7qx41sLfElYcqgIjvoxxsVQan7tOm99M9f8sa6eeb26nKj830AEQeIaQ==",
      "license": "MIT"
    }
  }
}
